
Microsoft Visual Studio Solution File, Format Version 12.00
# Visual Studio Version 16
VisualStudioVersion = 16.0.32228.343
MinimumVisualStudioVersion = 10.0.40219.1
Project("{9A19103F-16F7-4668-BE54-9A1E7A4F7556}") = "Homework6", "Homework6\Homework6.csproj", "{921ED9D3-2E64-42F8-B195-0DEB64F2DCE4}"
EndProject
Project("{FAE04EC0-301F-11D3-BF4B-00C04F79EFBC}") = "TestHomework6", "TestHomework6\TestHomework6.csproj", "{05883B52-F790-4579-936C-B173F127757D}"
EndProject
Global
	GlobalSection(SolutionConfigurationPlatforms) = preSolution
		Debug|Any CPU = Debug|Any CPU
		Release|Any CPU = Release|Any CPU
	EndGlobalSection
	GlobalSection(ProjectConfigurationPlatforms) = postSolution
		{921ED9D3-2E64-42F8-B195-0DEB64F2DCE4}.Debug|Any CPU.ActiveCfg = Debug|Any CPU
		{921ED9D3-2E64-42F8-B195-0DEB64F2DCE4}.Debug|Any CPU.Build.0 = Debug|Any CPU
		{921ED9D3-2E64-42F8-B195-0DEB64F2DCE4}.Release|Any CPU.ActiveCfg = Release|Any CPU
		{921ED9D3-2E64-42F8-B195-0DEB64F2DCE4}.Release|Any CPU.Build.0 = Release|Any CPU
		{05883B52-F790-4579-936C-B173F127757D}.Debug|Any CPU.ActiveCfg = Debug|Any CPU
		{05883B52-F790-4579-936C-B173F127757D}.Debug|Any CPU.Build.0 = Debug|Any CPU
		{05883B52-F790-4579-936C-B173F127757D}.Release|Any CPU.ActiveCfg = Release|Any CPU
		{05883B52-F790-4579-936C-B173F127757D}.Release|Any CPU.Build.0 = Release|Any CPU
	EndGlobalSection
	GlobalSection(SolutionProperties) = preSolution
		HideSolutionNode = FALSE
	EndGlobalSection
	GlobalSection(ExtensibilityGlobals) = postSolution
		SolutionGuid = {8026F584-3130-42DB-BB90-1DEAACE759F7}
	EndGlobalSection
EndGlobal
