
Microsoft Visual Studio Solution File, Format Version 12.00
# Visual Studio Version 16
VisualStudioVersion = 16.0.32228.343
MinimumVisualStudioVersion = 10.0.40219.1
Project("{FAE04EC0-301F-11D3-BF4B-00C04F79EFBC}") = "OrderForm", "OrderForm\OrderForm.csproj", "{F13823FF-1751-40B7-B931-717EC9B0C7C6}"
EndProject
Project("{FAE04EC0-301F-11D3-BF4B-00C04F79EFBC}") = "Services", "Services\Services.csproj", "{C3078592-0CAB-4B48-83E9-94722538C691}"
EndProject
Global
	GlobalSection(SolutionConfigurationPlatforms) = preSolution
		Debug|Any CPU = Debug|Any CPU
		Release|Any CPU = Release|Any CPU
	EndGlobalSection
	GlobalSection(ProjectConfigurationPlatforms) = postSolution
		{F13823FF-1751-40B7-B931-717EC9B0C7C6}.Debug|Any CPU.ActiveCfg = Debug|Any CPU
		{F13823FF-1751-40B7-B931-717EC9B0C7C6}.Debug|Any CPU.Build.0 = Debug|Any CPU
		{F13823FF-1751-40B7-B931-717EC9B0C7C6}.Release|Any CPU.ActiveCfg = Release|Any CPU
		{F13823FF-1751-40B7-B931-717EC9B0C7C6}.Release|Any CPU.Build.0 = Release|Any CPU
		{C3078592-0CAB-4B48-83E9-94722538C691}.Debug|Any CPU.ActiveCfg = Debug|Any CPU
		{C3078592-0CAB-4B48-83E9-94722538C691}.Debug|Any CPU.Build.0 = Debug|Any CPU
		{C3078592-0CAB-4B48-83E9-94722538C691}.Release|Any CPU.ActiveCfg = Release|Any CPU
		{C3078592-0CAB-4B48-83E9-94722538C691}.Release|Any CPU.Build.0 = Release|Any CPU
	EndGlobalSection
	GlobalSection(SolutionProperties) = preSolution
		HideSolutionNode = FALSE
	EndGlobalSection
	GlobalSection(ExtensibilityGlobals) = postSolution
		SolutionGuid = {2ABF7CEA-ED19-4105-B4D2-E3E3403D39DA}
	EndGlobalSection
EndGlobal
